
Microsoft Visual Studio Solution File, Format Version 12.00
# Visual Studio Version 16
VisualStudioVersion = 25.0.1700.0
MinimumVisualStudioVersion = 10.0.40219.1
Project("{FAE04EC0-301F-11D3-BF4B-00C04F79EFBC}") = "ATMSystem", "Assign1\ATMSystem.csproj", "{894A3D1C-89F1-4375-B401-B8DD5DCECFDA}"
EndProject
Global
	GlobalSection(SolutionConfigurationPlatforms) = preSolution
		Debug|Any CPU = Debug|Any CPU
		Release|Any CPU = Release|Any CPU
	EndGlobalSection
	GlobalSection(ProjectConfigurationPlatforms) = postSolution
		{894A3D1C-89F1-4375-B401-B8DD5DCECFDA}.Debug|Any CPU.ActiveCfg = Debug|Any CPU
		{894A3D1C-89F1-4375-B401-B8DD5DCECFDA}.Debug|Any CPU.Build.0 = Debug|Any CPU
		{894A3D1C-89F1-4375-B401-B8DD5DCECFDA}.Release|Any CPU.ActiveCfg = Release|Any CPU
		{894A3D1C-89F1-4375-B401-B8DD5DCECFDA}.Release|Any CPU.Build.0 = Release|Any CPU
	EndGlobalSection
	GlobalSection(SolutionProperties) = preSolution
		HideSolutionNode = FALSE
	EndGlobalSection
	GlobalSection(ExtensibilityGlobals) = postSolution
		SolutionGuid = {022CF530-F32F-433B-935F-A98CD227939A}
	EndGlobalSection
EndGlobal
